#MicroXplorer Configuration settings - do not modify
PD12.GPIO_Label=LD4 [Green Led]
PC7.GPIOParameters=GPIO_Speed,GPIO_PuPd,GPIO_Label,GPIO_Mode
PC10.GPIO_PuPd=GPIO_NOPULL
PC12.Locked=true
RCC.PLLCLKFreq_Value=96000000
PC12.Signal=I2S3_SD
PA14.GPIO_Label=SWCLK
RCC.PLLQCLKFreq_Value=24000000
PC7.Locked=true
I2S3.IPParameters=AudioFreq,ErrorAudioFreq,RealAudioFreq,Instance,VirtualMode,FullDuplexMode,DataFormat
PC3.Locked=true
RCC.RTCFreq_Value=32000
PA6.GPIO_Label=SPI1_MISO [L3GD20_AS0/SDO]
PB6.GPIO_Label=Audio_SCL [CS43L22_SCL]
PD4.Locked=true
PC15-OSC32_OUT.GPIO_Label=PC15-OSC32_OUT
PinOutPanel.RotationAngle=0
RCC.SYSCLKSource=RCC_SYSCLKSOURCE_PLLCLK
NVIC.SVCall_IRQn=true\:0\:0\:false\:false\:true\:true\:false
PD14.GPIO_Speed=GPIO_SPEED_FREQ_LOW
PD15.GPIOParameters=GPIO_Speed,GPIO_PuPd,GPIO_Label
PA4.Mode=Half_Duplex_Master
RCC.APB2TimFreq_Value=96000000
PD4.Signal=GPIO_Output
Dma.ADC1.0.Direction=DMA_PERIPH_TO_MEMORY
PB6.Signal=I2C1_SCL
PC7.Signal=I2S3_MCK
PB6.Mode=I2C
PC3.Signal=I2S2_SD
PE5.Signal=GPXTI5
PE1.Signal=GPXTI1
Dma.ADC1.0.MemDataAlignment=DMA_MDATAALIGN_HALFWORD
ProjectManager.ProjectBuild=false
NVIC.UsageFault_IRQn=true\:0\:0\:false\:false\:true\:true\:false
PA4.Locked=true
ProjectManager.FirmwarePackage=STM32Cube FW_F4 V1.25.0
MxDb.Version=DB.5.0.60
I2S3.ErrorAudioFreq=0.0 %
ProjectManager.BackupPrevious=false
SH.ADCx_IN1.ConfNb=1
Dma.ADC1.0.PeriphInc=DMA_PINC_DISABLE
PE4.GPIO_Label=INT1 [LSM303DLHC_INT1]
PE2.Signal=GPIO_Input
PD14.GPIO_PuPd=GPIO_NOPULL
PE1.Locked=true
PB6.Locked=true
NVIC.PendSV_IRQn=true\:0\:0\:false\:false\:true\:true\:false
ProjectManager.HalAssertFull=false
ADC1.SamplingTime-0\#ChannelRegularConversion=ADC_SAMPLETIME_3CYCLES
TIM9.Prescaler=47999
RCC.MCO2PinFreq_Value=96000000
Mcu.Package=LQFP100
PB9.Signal=I2C1_SDA
PA5.Locked=true
PD12.Signal=GPIO_Output
PA14.Locked=true
PD5.GPIOParameters=GPIO_Label
VP_SYS_VS_Systick.Signal=SYS_VS_Systick
PA10.Signal=USB_OTG_FS_ID
PB9.GPIO_PuPd=GPIO_NOPULL
PA5.GPIOParameters=GPIO_Label
RCC.APB2CLKDivider=RCC_HCLK_DIV2
RCC.APB1TimFreq_Value=96000000
NVIC.BusFault_IRQn=true\:0\:0\:false\:false\:true\:true\:false
Dma.ADC1.0.FIFOMode=DMA_FIFOMODE_DISABLE
PB10.GPIOParameters=GPIO_Label
PC12.GPIO_PuPd=GPIO_NOPULL
PC15-OSC32_OUT.GPIOParameters=GPIO_Label
PD5.Locked=true
PA4.GPIO_Label=I2S3_WS [CS43L22_LRCK]
ADC1.EOCSelection=ADC_EOC_SEQ_CONV
PD15.Signal=GPIO_Output
ProjectManager.CustomerFirmwarePackage=
PC0.PinState=GPIO_PIN_SET
TIM9.Period=1999
PA6.GPIOParameters=GPIO_Label
Dma.SPI3_TX.1.MemInc=DMA_MINC_ENABLE
I2S3.FullDuplexMode=I2S_FULLDUPLEXMODE_DISABLE
ProjectManager.ProjectFileName=Pedal para guitarra - Jorge Rosmirez _v00.ioc
Dma.ADC1.0.Instance=DMA2_Stream0
ADC1.Rank-0\#ChannelRegularConversion=1
TIM3.Channel-Output\ Compare1\ No\ Output=TIM_CHANNEL_1
Mcu.PinsNb=41
TIM3.AutoReloadPreload=TIM_AUTORELOAD_PRELOAD_ENABLE
ADC1.IPParameters=Rank-0\#ChannelRegularConversion,master,Channel-0\#ChannelRegularConversion,SamplingTime-0\#ChannelRegularConversion,NbrOfConversionFlag,EOCSelection,Rank-1\#ChannelRegularConversion,Channel-1\#ChannelRegularConversion,SamplingTime-1\#ChannelRegularConversion,NbrOfConversion,ExternalTrigConv,DMAContinuousRequests,ClockPrescaler
PA9.GPIO_Label=VBUS_FS
PB6.GPIO_PuPd=GPIO_NOPULL
PH1\ -\ OSC_OUT.Mode=HSE-External-Oscillator
PD13.GPIOParameters=GPIO_Speed,GPIO_PuPd,GPIO_Label
SH.GPXTI0.ConfNb=1
PA11.GPIO_Label=OTG_FS_DM
Dma.SPI3_TX.1.Priority=DMA_PRIORITY_LOW
PC0.Signal=GPIO_Output
RCC.APB1CLKDivider=RCC_HCLK_DIV2
PC14-OSC32_IN.Signal=RCC_OSC32_IN
I2S3.DataFormat=I2S_DATAFORMAT_16B
PH1\ -\ OSC_OUT.Locked=true
PA0-WKUP.GPIO_ModeDefaultEXTI=GPIO_MODE_EVT_RISING
PA0-WKUP.Signal=GPXTI0
PC3.GPIOParameters=GPIO_Label
PC10.GPIO_Mode=GPIO_MODE_AF_PP
PA11.Locked=true
PC15-OSC32_OUT.Locked=true
VP_TIM3_VS_no_output1.Signal=TIM3_VS_no_output1
PE5.GPIO_ModeDefaultEXTI=GPIO_MODE_EVT_RISING
Dma.ADC1.0.Priority=DMA_PRIORITY_LOW
PA9.Signal=USB_OTG_FS_VBUS
Dma.SPI3_TX.1.MemDataAlignment=DMA_MDATAALIGN_HALFWORD
PB9.Locked=true
I2S3.VirtualMode=I2S_MODE_MASTER
Dma.SPI3_TX.1.RequestParameters=Instance,Direction,PeriphInc,MemInc,PeriphDataAlignment,MemDataAlignment,Mode,Priority,FIFOMode
RCC.VCOInputMFreq_Value=1000000
PC7.GPIO_PuPd=GPIO_NOPULL
PB10.Signal=I2S2_CK
PA5.Signal=SPI1_SCK
Mcu.Pin40=VP_TIM9_VS_no_output1
I2S3.AudioFreq=I2S_AUDIOFREQ_32K
PC12.Mode=Half_Duplex_Master
PH1\ -\ OSC_OUT.Signal=RCC_OSC_OUT
VP_TIM3_VS_no_output1.Mode=Output Compare1 No Output
PE1.GPIO_Label=MEMS_INT2 [L3GD20_INT2]
ProjectManager.LastFirmware=true
Mcu.Pin37=PE1
Mcu.Pin38=VP_SYS_VS_Systick
Mcu.Pin35=PB6
Mcu.Pin36=PB9
Mcu.Pin39=VP_TIM3_VS_no_output1
Mcu.Pin30=PC10
RCC.EthernetFreq_Value=96000000
Mcu.Pin33=PD5
TIM3.IPParameters=Channel-Output Compare1 No Output,Prescaler,Period,TIM_MasterOutputTrigger,AutoReloadPreload,ClockDivision
Mcu.Pin34=PB3
Mcu.Pin31=PC12
Mcu.Pin32=PD4
PA9.Locked=true
NVIC.NonMaskableInt_IRQn=true\:0\:0\:false\:false\:true\:true\:false
PC10.GPIOParameters=GPIO_Speed,GPIO_PuPd,GPIO_Label,GPIO_Mode
ADC1.DMAContinuousRequests=ENABLE
PH1\ -\ OSC_OUT.GPIOParameters=GPIO_Label
PA13.Mode=Serial_Wire
ProjectManager.FreePins=false
Mcu.Pin26=PA11
NVIC.TIM1_BRK_TIM9_IRQn=true\:0\:0\:false\:false\:true\:true\:true
Mcu.Pin27=PA12
RCC.RTCHSEDivFreq_Value=4000000
Mcu.Pin24=PA9
ProjectManager.UnderRoot=false
Mcu.Pin25=PA10
ADC1.ExternalTrigConv=ADC_EXTERNALTRIGCONV_T3_TRGO
Mcu.Pin28=PA13
PC7.GPIO_Label=I2S3_MCK [CS43L22_MCLK]
Dma.SPI3_TX.1.PeriphInc=DMA_PINC_DISABLE
Mcu.Pin29=PA14
ADC1.SamplingTime-1\#ChannelRegularConversion=ADC_SAMPLETIME_3CYCLES
PD14.GPIOParameters=GPIO_Speed,GPIO_PuPd,GPIO_Label
PA4.Signal=I2S3_WS
Mcu.Pin22=PD15
PC12.GPIO_Mode=GPIO_MODE_AF_PP
Mcu.Pin23=PC7
Mcu.Pin20=PD13
ADC1.master=1
Mcu.Pin21=PD14
PA5.GPIO_Label=SPI1_SCK [L3GD20_SC/SPC]
PA10.Locked=true
NVIC.ForceEnableDMAVector=true
PA14.GPIOParameters=GPIO_Label
NVIC.MemoryManagement_IRQn=true\:0\:0\:false\:false\:true\:true\:false
PE5.GPIO_Label=INT2 [LSM303DLHC_INT2]
PC12.GPIO_Label=I2S3_SD [CS43L22_SDIN]
ProjectManager.CompilerOptimize=6
ADC1.Rank-1\#ChannelRegularConversion=2
PD15.Locked=true
PA11.Signal=USB_OTG_FS_DM
ProjectManager.HeapSize=0x200
Mcu.Pin15=PA6
NVIC.HardFault_IRQn=true\:0\:0\:false\:false\:true\:true\:false
Mcu.Pin16=PA7
Mcu.Pin13=PA4
Mcu.Pin14=PA5
Mcu.Pin19=PD12
ProjectManager.ComputerToolchain=false
Mcu.Pin17=PB10
Mcu.Pin18=PB12
NVIC.PriorityGroup=NVIC_PRIORITYGROUP_0
Mcu.Pin11=PA1
Mcu.Pin12=PA3
Mcu.Pin10=PA0-WKUP
PE2.Locked=true
PE3.Signal=GPIO_Output
PC3.GPIO_Label=PDM_OUT [MP45DT02_DOUT]
TIM9.Channel-Output\ Compare1\ No\ Output=TIM_CHANNEL_1
I2S3.Instance=SPI$Index
PB6.GPIO_Speed=GPIO_SPEED_FREQ_LOW
SH.GPXTI1.ConfNb=1
PA7.GPIOParameters=GPIO_Label
PC0.Locked=true
Mcu.Family=STM32F4
SH.GPXTI1.0=GPIO_EXTI1
ProjectManager.MainLocation=Src
RCC.CortexFreq_Value=96000000
ProjectManager.KeepUserCode=true
Mcu.UserName=STM32F411VETx
PB6.GPIO_Mode=GPIO_MODE_AF_OD
PC10.Locked=true
PD15.GPIO_Speed=GPIO_SPEED_FREQ_LOW
PC10.Signal=I2S3_CK
PA12.GPIOParameters=GPIO_Label
ProjectManager.functionlistsort=1-MX_GPIO_Init-GPIO-false-HAL-true,2-MX_DMA_Init-DMA-false-HAL-true,3-SystemClock_Config-RCC-false-HAL-false,4-MX_I2C1_Init-I2C1-false-HAL-true,5-MX_I2S3_Init-I2S3-false-HAL-true,6-MX_TIM3_Init-TIM3-false-HAL-true,7-MX_ADC1_Init-ADC1-false-HAL-true,8-MX_TIM9_Init-TIM9-false-HAL-true
PC0.GPIOParameters=PinState,GPIO_Label
PA9.GPIOParameters=GPIO_Label
PA11.GPIOParameters=GPIO_Label
PC0.GPIO_Label=OTG_FS_PowerSwitchOn
PC10.GPIO_Speed=GPIO_SPEED_FREQ_LOW
PE5.GPIOParameters=GPIO_Label,GPIO_ModeDefaultEXTI
ProjectManager.StackSize=0x400
PD13.Signal=GPIO_Output
Mcu.IP4=NVIC
Mcu.IP5=RCC
RCC.FCLKCortexFreq_Value=96000000
Mcu.IP2=I2C1
PD13.Locked=true
Mcu.IP3=I2S3
Mcu.IP0=ADC1
PA12.Locked=true
Mcu.IP1=DMA
PA12.Signal=USB_OTG_FS_DP
PE4.GPIOParameters=GPIO_Label,GPIO_ModeDefaultEXTI
Mcu.UserConstants=
PH0\ -\ OSC_IN.Signal=RCC_OSC_IN
PH0\ -\ OSC_IN.Locked=true
Mcu.ThirdPartyNb=0
RCC.HCLKFreq_Value=96000000
SH.ADCx_IN3.0=ADC1_IN3,IN3
Mcu.IPNb=9
RCC.I2SClocksFreq_Value=106500000
ProjectManager.PreviousToolchain=
TIM3.Period=2
RCC.VcooutputI2S=106500000
SH.ADCx_IN3.ConfNb=1
Mcu.Pin6=PH0 - OSC_IN
Mcu.Pin7=PH1 - OSC_OUT
NVIC.DMA2_Stream0_IRQn=true\:0\:0\:false\:false\:true\:false\:true
Mcu.Pin8=PC0
Mcu.Pin9=PC3
RCC.AHBFreq_Value=96000000
Mcu.Pin0=PE2
Mcu.Pin1=PE3
Mcu.Pin2=PE4
Mcu.Pin3=PE5
TIM3.ClockDivision=TIM_CLOCKDIVISION_DIV1
Mcu.Pin4=PC14-OSC32_IN
PA0-WKUP.GPIOParameters=GPIO_ModeDefaultEXTI
Mcu.Pin5=PC15-OSC32_OUT
ADC1.Channel-0\#ChannelRegularConversion=ADC_CHANNEL_1
VP_TIM9_VS_no_output1.Mode=Output Compare1 No Output
RCC.HSE_VALUE=8000000
NVIC.DebugMonitor_IRQn=true\:0\:0\:false\:false\:true\:true\:false
PA4.GPIO_PuPd=GPIO_NOPULL
NVIC.SysTick_IRQn=true\:0\:0\:true\:false\:true\:true\:true
PA4.GPIO_Speed=GPIO_SPEED_FREQ_LOW
PC14-OSC32_IN.Mode=LSE-External-Oscillator
RCC.VCOInputFreq_Value=2000000
PA14.Mode=Serial_Wire
TIM3.Prescaler=999
File.Version=6
PA10.GPIO_Label=OTG_FS_ID
PC7.GPIO_Mode=GPIO_MODE_AF_PP
PE3.GPIOParameters=GPIO_Label
PB3.GPIOParameters=GPIO_Label
PE3.Locked=true
PE4.Signal=GPXTI4
Dma.RequestsNb=2
PB6.GPIOParameters=GPIO_Speed,GPIO_PuPd,GPIO_Label,GPIO_Mode
PC14-OSC32_IN.GPIOParameters=GPIO_Label
ProjectManager.ProjectName=Pedal para guitarra - Jorge Rosmirez _v00
PH0\ -\ OSC_IN.GPIOParameters=GPIO_Label
PA13.GPIOParameters=GPIO_Label
PD13.GPIO_Label=LD3 [Orange Led]
PA6.Signal=SPI1_MISO
PA7.Locked=true
PD5.GPIO_Label=OTG_FS_OverCurrent
ProjectManager.ToolChainLocation=
PD15.GPIO_PuPd=GPIO_NOPULL
PD14.Locked=true
RCC.LSI_VALUE=32000
SH.GPXTI0.0=GPIO_EXTI0
SH.GPXTI5.ConfNb=1
Dma.SPI3_TX.1.Direction=DMA_MEMORY_TO_PERIPH
SH.ADCx_IN1.0=ADC1_IN1,IN1
PB9.GPIO_Speed=GPIO_SPEED_FREQ_LOW
Dma.Request1=SPI3_TX
PC14-OSC32_IN.GPIO_Label=PC14-OSC32_IN
Dma.Request0=ADC1
PE2.GPIO_Label=DATA_Ready [LSM303DLHC_DRDY]
TIM9.IPParameters=Channel-Output Compare1 No Output,Prescaler,Period
PC14-OSC32_IN.Locked=true
PB3.Locked=true
PA3.Signal=ADCx_IN3
PB3.GPIO_Label=SWO
RCC.PLLSourceVirtual=RCC_PLLSOURCE_HSE
PC15-OSC32_OUT.Mode=LSE-External-Oscillator
SH.GPXTI5.0=GPIO_EXTI5
PD12.GPIO_Speed=GPIO_SPEED_FREQ_LOW
PD15.GPIO_Label=LD6 [Blue Led]
PB9.GPIO_Label=Audio_SDA [CS43L22_SDA]
PC10.GPIO_Label=I2S3_SCK [CS43L22_SCLK]
ProjectManager.NoMain=false
PC10.Mode=Half_Duplex_Master
PE4.GPIO_ModeDefaultEXTI=GPIO_MODE_EVT_RISING
Dma.SPI3_TX.1.FIFOMode=DMA_FIFOMODE_DISABLE
ProjectManager.DefaultFWLocation=true
PD5.Signal=GPIO_Input
PB12.Locked=true
ProjectManager.DeletePrevious=false
PE1.GPIO_ModeDefaultEXTI=GPIO_MODE_EVT_RISING
PB10.Locked=true
boardIOC=true
PA12.GPIO_Label=OTG_FS_DP
Dma.SPI3_TX.1.Instance=DMA1_Stream5
RCC.FamilyName=M
PA0-WKUP.Locked=true
VP_TIM9_VS_no_output1.Signal=TIM9_VS_no_output1
PB9.GPIOParameters=GPIO_Speed,GPIO_PuPd,GPIO_Label,GPIO_Mode
PD12.Locked=true
PC12.GPIOParameters=GPIO_Speed,GPIO_PuPd,GPIO_Label,GPIO_Mode
Dma.SPI3_TX.1.PeriphDataAlignment=DMA_PDATAALIGN_HALFWORD
PA13.Signal=SYS_JTMS-SWDIO
Dma.ADC1.0.PeriphDataAlignment=DMA_PDATAALIGN_HALFWORD
PH0\ -\ OSC_IN.Mode=HSE-External-Oscillator
PD12.GPIOParameters=GPIO_Speed,GPIO_PuPd,GPIO_Label
Dma.SPI3_TX.1.Mode=DMA_CIRCULAR
ProjectManager.TargetToolchain=MDK-ARM V5.27
PB10.GPIO_Label=CLK_IN [MP45DT02_CLK]
NVIC.DMA1_Stream5_IRQn=true\:0\:0\:false\:false\:true\:false\:true
Dma.ADC1.0.Mode=DMA_CIRCULAR
PB9.Mode=I2C
ADC1.Channel-1\#ChannelRegularConversion=ADC_CHANNEL_3
PE4.Locked=true
PE2.GPIOParameters=GPIO_Label
PC15-OSC32_OUT.Signal=RCC_OSC32_OUT
PA1.Signal=ADCx_IN1
RCC.VCOI2SOutputFreq_Value=213000000
board=STM32F411E-DISCO
PD13.GPIO_Speed=GPIO_SPEED_FREQ_LOW
PC7.GPIO_Speed=GPIO_SPEED_FREQ_LOW
RCC.VCOOutputFreq_Value=192000000
PB9.GPIO_Mode=GPIO_MODE_AF_OD
Dma.ADC1.0.RequestParameters=Instance,Direction,PeriphInc,MemInc,PeriphDataAlignment,MemDataAlignment,Mode,Priority,FIFOMode
PA4.GPIO_Mode=GPIO_MODE_AF_PP
RCC.APB2Freq_Value=48000000
MxCube.Version=5.6.1
PD4.GPIO_Label=Audio_RST [CS43L22_RESET]
VP_SYS_VS_Systick.Mode=SysTick
PD4.GPIOParameters=GPIO_Label
PA10.GPIOParameters=GPIO_Label
PD13.GPIO_PuPd=GPIO_NOPULL
PD14.GPIO_Label=LD5 [Red Led]
PA4.GPIOParameters=GPIO_Speed,GPIO_PuPd,GPIO_Label,GPIO_Mode
PE5.Locked=true
ADC1.NbrOfConversion=2
RCC.IPParameters=48MHZClocksFreq_Value,AHBFreq_Value,APB1CLKDivider,APB1Freq_Value,APB1TimFreq_Value,APB2CLKDivider,APB2Freq_Value,APB2TimFreq_Value,CortexFreq_Value,EthernetFreq_Value,FCLKCortexFreq_Value,FamilyName,HCLKFreq_Value,HSE_VALUE,HSI_VALUE,I2SClocksFreq_Value,LSI_VALUE,MCO2PinFreq_Value,PLLCLKFreq_Value,PLLI2SM,PLLI2SN,PLLM,PLLN,PLLQ,PLLQCLKFreq_Value,PLLSourceVirtual,RTCFreq_Value,RTCHSEDivFreq_Value,SYSCLKFreq_VALUE,SYSCLKSource,VCOI2SOutputFreq_Value,VCOInputFreq_Value,VCOInputMFreq_Value,VCOOutputFreq_Value,VcooutputI2S
ProjectManager.AskForMigrate=true
Mcu.Name=STM32F411V(C-E)Tx
PA13.GPIO_Label=SWDIO
Mcu.IP8=TIM9
PH1\ -\ OSC_OUT.GPIO_Label=PH1-OSC_OUT
PD14.Signal=GPIO_Output
Mcu.IP6=SYS
Mcu.IP7=TIM3
ProjectManager.CoupleFile=true
RCC.48MHZClocksFreq_Value=24000000
PB3.Signal=SYS_JTDO-SWO
RCC.SYSCLKFreq_VALUE=96000000
PA7.GPIO_Label=SPI1_MOSI [L3GD20_SDA/SDI/SDO]
SH.GPXTI4.0=GPIO_EXTI4
KeepUserPlacement=false
PA13.Locked=true
PA14.Signal=SYS_JTCK-SWCLK
Dma.ADC1.0.MemInc=DMA_MINC_ENABLE
SH.GPXTI4.ConfNb=1
RCC.HSI_VALUE=16000000
RCC.PLLQ=8
ADC1.NbrOfConversionFlag=1
I2S3.RealAudioFreq=32.001 KHz
RCC.PLLM=4
RCC.PLLN=96
PE3.GPIO_Label=CS_I2C/SPI [L3GD20_CS_I2C/SPI]
PH0\ -\ OSC_IN.GPIO_Label=PH0-OSC_IN
TIM3.TIM_MasterOutputTrigger=TIM_TRGO_UPDATE
PC7.Mode=Master_Clock_Activated
RCC.APB1Freq_Value=48000000
PC12.GPIO_Speed=GPIO_SPEED_FREQ_LOW
ADC1.ClockPrescaler=ADC_CLOCK_SYNC_PCLK_DIV6
RCC.PLLI2SN=213
ProjectManager.DeviceId=STM32F411VETx
PB12.Signal=I2S2_WS
ProjectManager.LibraryCopy=0
PD12.GPIO_PuPd=GPIO_NOPULL
PE1.GPIOParameters=GPIO_Label,GPIO_ModeDefaultEXTI
RCC.PLLI2SM=8
PA7.Signal=SPI1_MOSI
PA6.Locked=true
